
Microsoft Visual Studio Solution File, Format Version 12.00
# Visual Studio Version 16
VisualStudioVersion = 16.0.30413.136
MinimumVisualStudioVersion = 10.0.40219.1
Project("{FAE04EC0-301F-11D3-BF4B-00C04F79EFBC}") = "Week 5 20200903 Lec", "Week 5 20200903 Lec\Week 5 20200903 Lec.csproj", "{A76F6CE8-FAC2-4A3B-8875-DC66372D7B7A}"
EndProject
Global
	GlobalSection(SolutionConfigurationPlatforms) = preSolution
		Debug|Any CPU = Debug|Any CPU
		Release|Any CPU = Release|Any CPU
	EndGlobalSection
	GlobalSection(ProjectConfigurationPlatforms) = postSolution
		{A76F6CE8-FAC2-4A3B-8875-DC66372D7B7A}.Debug|Any CPU.ActiveCfg = Debug|Any CPU
		{A76F6CE8-FAC2-4A3B-8875-DC66372D7B7A}.Debug|Any CPU.Build.0 = Debug|Any CPU
		{A76F6CE8-FAC2-4A3B-8875-DC66372D7B7A}.Release|Any CPU.ActiveCfg = Release|Any CPU
		{A76F6CE8-FAC2-4A3B-8875-DC66372D7B7A}.Release|Any CPU.Build.0 = Release|Any CPU
	EndGlobalSection
	GlobalSection(SolutionProperties) = preSolution
		HideSolutionNode = FALSE
	EndGlobalSection
	GlobalSection(ExtensibilityGlobals) = postSolution
		SolutionGuid = {1FBB67F4-4D5A-42F1-B67F-FE147ED60D8F}
	EndGlobalSection
EndGlobal
