
Microsoft Visual Studio Solution File, Format Version 12.00
# Visual Studio Version 16
VisualStudioVersion = 16.0.30523.141
MinimumVisualStudioVersion = 10.0.40219.1
Project("{FAE04EC0-301F-11D3-BF4B-00C04F79EFBC}") = "Week 9 20201007 LAB - Properties", "Week 9 20201007 LAB - Properties.csproj", "{B2F60A1B-AD58-4A82-B74F-D9F72DBFCBC4}"
EndProject
Global
	GlobalSection(SolutionConfigurationPlatforms) = preSolution
		Debug|Any CPU = Debug|Any CPU
		Release|Any CPU = Release|Any CPU
	EndGlobalSection
	GlobalSection(ProjectConfigurationPlatforms) = postSolution
		{B2F60A1B-AD58-4A82-B74F-D9F72DBFCBC4}.Debug|Any CPU.ActiveCfg = Debug|Any CPU
		{B2F60A1B-AD58-4A82-B74F-D9F72DBFCBC4}.Debug|Any CPU.Build.0 = Debug|Any CPU
		{B2F60A1B-AD58-4A82-B74F-D9F72DBFCBC4}.Release|Any CPU.ActiveCfg = Release|Any CPU
		{B2F60A1B-AD58-4A82-B74F-D9F72DBFCBC4}.Release|Any CPU.Build.0 = Release|Any CPU
	EndGlobalSection
	GlobalSection(SolutionProperties) = preSolution
		HideSolutionNode = FALSE
	EndGlobalSection
	GlobalSection(ExtensibilityGlobals) = postSolution
		SolutionGuid = {43B3DF78-16C2-4286-A773-096FBACDF893}
	EndGlobalSection
EndGlobal
