
Microsoft Visual Studio Solution File, Format Version 12.00
# Visual Studio Version 16
VisualStudioVersion = 16.0.30523.141
MinimumVisualStudioVersion = 10.0.40219.1
Project("{FAE04EC0-301F-11D3-BF4B-00C04F79EFBC}") = "Week 10 20201014 LAB - EXE 5", "Week 10 20201014 LAB - EXE 5.csproj", "{3CC082C9-D02D-45D4-B180-B0B5E0C678EA}"
EndProject
Global
	GlobalSection(SolutionConfigurationPlatforms) = preSolution
		Debug|Any CPU = Debug|Any CPU
		Release|Any CPU = Release|Any CPU
	EndGlobalSection
	GlobalSection(ProjectConfigurationPlatforms) = postSolution
		{3CC082C9-D02D-45D4-B180-B0B5E0C678EA}.Debug|Any CPU.ActiveCfg = Debug|Any CPU
		{3CC082C9-D02D-45D4-B180-B0B5E0C678EA}.Debug|Any CPU.Build.0 = Debug|Any CPU
		{3CC082C9-D02D-45D4-B180-B0B5E0C678EA}.Release|Any CPU.ActiveCfg = Release|Any CPU
		{3CC082C9-D02D-45D4-B180-B0B5E0C678EA}.Release|Any CPU.Build.0 = Release|Any CPU
	EndGlobalSection
	GlobalSection(SolutionProperties) = preSolution
		HideSolutionNode = FALSE
	EndGlobalSection
	GlobalSection(ExtensibilityGlobals) = postSolution
		SolutionGuid = {144CFCED-7B75-4B77-B982-AC6287E5C712}
	EndGlobalSection
EndGlobal
